
Microsoft Visual Studio Solution File, Format Version 12.00
# Visual Studio Version 17
VisualStudioVersion = 17.3.32929.385
MinimumVisualStudioVersion = 10.0.40219.1
Project("{2150E333-8FDC-42A3-9474-1A3956D46DE8}") = "Source", "Source", "{8CE6E09F-1E3F-41FA-A5E9-30730FFC51A4}"
EndProject
Project("{2150E333-8FDC-42A3-9474-1A3956D46DE8}") = "API", "API", "{1C41CF1A-5543-486C-B7FF-9192F3447FF8}"
EndProject
Project("{2150E333-8FDC-42A3-9474-1A3956D46DE8}") = "Core", "Core", "{AC600288-7419-4C6F-9139-CE281FA9AD38}"
EndProject
Project("{2150E333-8FDC-42A3-9474-1A3956D46DE8}") = "Infrastructure", "Infrastructure", "{6E29A9EB-8FB8-4734-BD0C-59669D54BBD3}"
EndProject
Project("{2150E333-8FDC-42A3-9474-1A3956D46DE8}") = "Test", "Test", "{FA299866-14A6-4061-BC5A-58D0D5461C68}"
EndProject
Project("{2150E333-8FDC-42A3-9474-1A3956D46DE8}") = "UI", "UI", "{D896CCFC-B81C-44FC-BFFA-172670F80646}"
EndProject
Project("{9A19103F-16F7-4668-BE54-9A1E7A4F7556}") = "Domain", "Domain\Domain.csproj", "{70D11E45-F1E2-4ACF-859C-54A646603B79}"
EndProject
Project("{9A19103F-16F7-4668-BE54-9A1E7A4F7556}") = "Application", "Application\Application.csproj", "{2A4A7E0E-A9DC-4170-B8E7-16499DC95A29}"
EndProject
Project("{9A19103F-16F7-4668-BE54-9A1E7A4F7556}") = "Infrastructure", "Infrastructure\Infrastructure.csproj", "{62FB66F1-A121-4C2E-BEB7-1B0891B95B14}"
EndProject
Project("{9A19103F-16F7-4668-BE54-9A1E7A4F7556}") = "Persistence", "Persistence\Persistence.csproj", "{3F2A234A-92E3-40EE-A527-F8A88985A4FE}"
EndProject
Project("{9A19103F-16F7-4668-BE54-9A1E7A4F7556}") = "Api", "Api\Api.csproj", "{3E515E09-0092-47DF-B8DF-501319C16385}"
EndProject
Project("{9A19103F-16F7-4668-BE54-9A1E7A4F7556}") = "UnitTests", "UnitTests\UnitTests.csproj", "{15EC2639-2776-4F07-9C4C-AC892A2955DA}"
EndProject
Project("{9A19103F-16F7-4668-BE54-9A1E7A4F7556}") = "MVC", "MVC\MVC.csproj", "{6E846F25-C9B9-4F93-A3A6-320842FFEE18}"
EndProject
Project("{FAE04EC0-301F-11D3-BF4B-00C04F79EFBC}") = "Identity", "Identity\Identity.csproj", "{25D20F70-9052-4E2A-AA33-CE24379F0C55}"
EndProject
Global
	GlobalSection(SolutionConfigurationPlatforms) = preSolution
		Debug|Any CPU = Debug|Any CPU
		Release|Any CPU = Release|Any CPU
	EndGlobalSection
	GlobalSection(ProjectConfigurationPlatforms) = postSolution
		{70D11E45-F1E2-4ACF-859C-54A646603B79}.Debug|Any CPU.ActiveCfg = Debug|Any CPU
		{70D11E45-F1E2-4ACF-859C-54A646603B79}.Debug|Any CPU.Build.0 = Debug|Any CPU
		{70D11E45-F1E2-4ACF-859C-54A646603B79}.Release|Any CPU.ActiveCfg = Release|Any CPU
		{70D11E45-F1E2-4ACF-859C-54A646603B79}.Release|Any CPU.Build.0 = Release|Any CPU
		{2A4A7E0E-A9DC-4170-B8E7-16499DC95A29}.Debug|Any CPU.ActiveCfg = Debug|Any CPU
		{2A4A7E0E-A9DC-4170-B8E7-16499DC95A29}.Debug|Any CPU.Build.0 = Debug|Any CPU
		{2A4A7E0E-A9DC-4170-B8E7-16499DC95A29}.Release|Any CPU.ActiveCfg = Release|Any CPU
		{2A4A7E0E-A9DC-4170-B8E7-16499DC95A29}.Release|Any CPU.Build.0 = Release|Any CPU
		{62FB66F1-A121-4C2E-BEB7-1B0891B95B14}.Debug|Any CPU.ActiveCfg = Debug|Any CPU
		{62FB66F1-A121-4C2E-BEB7-1B0891B95B14}.Debug|Any CPU.Build.0 = Debug|Any CPU
		{62FB66F1-A121-4C2E-BEB7-1B0891B95B14}.Release|Any CPU.ActiveCfg = Release|Any CPU
		{62FB66F1-A121-4C2E-BEB7-1B0891B95B14}.Release|Any CPU.Build.0 = Release|Any CPU
		{3F2A234A-92E3-40EE-A527-F8A88985A4FE}.Debug|Any CPU.ActiveCfg = Debug|Any CPU
		{3F2A234A-92E3-40EE-A527-F8A88985A4FE}.Debug|Any CPU.Build.0 = Debug|Any CPU
		{3F2A234A-92E3-40EE-A527-F8A88985A4FE}.Release|Any CPU.ActiveCfg = Release|Any CPU
		{3F2A234A-92E3-40EE-A527-F8A88985A4FE}.Release|Any CPU.Build.0 = Release|Any CPU
		{3E515E09-0092-47DF-B8DF-501319C16385}.Debug|Any CPU.ActiveCfg = Debug|Any CPU
		{3E515E09-0092-47DF-B8DF-501319C16385}.Debug|Any CPU.Build.0 = Debug|Any CPU
		{3E515E09-0092-47DF-B8DF-501319C16385}.Release|Any CPU.ActiveCfg = Release|Any CPU
		{3E515E09-0092-47DF-B8DF-501319C16385}.Release|Any CPU.Build.0 = Release|Any CPU
		{15EC2639-2776-4F07-9C4C-AC892A2955DA}.Debug|Any CPU.ActiveCfg = Debug|Any CPU
		{15EC2639-2776-4F07-9C4C-AC892A2955DA}.Debug|Any CPU.Build.0 = Debug|Any CPU
		{15EC2639-2776-4F07-9C4C-AC892A2955DA}.Release|Any CPU.ActiveCfg = Release|Any CPU
		{15EC2639-2776-4F07-9C4C-AC892A2955DA}.Release|Any CPU.Build.0 = Release|Any CPU
		{6E846F25-C9B9-4F93-A3A6-320842FFEE18}.Debug|Any CPU.ActiveCfg = Debug|Any CPU
		{6E846F25-C9B9-4F93-A3A6-320842FFEE18}.Debug|Any CPU.Build.0 = Debug|Any CPU
		{6E846F25-C9B9-4F93-A3A6-320842FFEE18}.Release|Any CPU.ActiveCfg = Release|Any CPU
		{6E846F25-C9B9-4F93-A3A6-320842FFEE18}.Release|Any CPU.Build.0 = Release|Any CPU
		{25D20F70-9052-4E2A-AA33-CE24379F0C55}.Debug|Any CPU.ActiveCfg = Debug|Any CPU
		{25D20F70-9052-4E2A-AA33-CE24379F0C55}.Debug|Any CPU.Build.0 = Debug|Any CPU
		{25D20F70-9052-4E2A-AA33-CE24379F0C55}.Release|Any CPU.ActiveCfg = Release|Any CPU
		{25D20F70-9052-4E2A-AA33-CE24379F0C55}.Release|Any CPU.Build.0 = Release|Any CPU
	EndGlobalSection
	GlobalSection(SolutionProperties) = preSolution
		HideSolutionNode = FALSE
	EndGlobalSection
	GlobalSection(NestedProjects) = preSolution
		{1C41CF1A-5543-486C-B7FF-9192F3447FF8} = {8CE6E09F-1E3F-41FA-A5E9-30730FFC51A4}
		{AC600288-7419-4C6F-9139-CE281FA9AD38} = {8CE6E09F-1E3F-41FA-A5E9-30730FFC51A4}
		{6E29A9EB-8FB8-4734-BD0C-59669D54BBD3} = {8CE6E09F-1E3F-41FA-A5E9-30730FFC51A4}
		{D896CCFC-B81C-44FC-BFFA-172670F80646} = {8CE6E09F-1E3F-41FA-A5E9-30730FFC51A4}
		{70D11E45-F1E2-4ACF-859C-54A646603B79} = {AC600288-7419-4C6F-9139-CE281FA9AD38}
		{2A4A7E0E-A9DC-4170-B8E7-16499DC95A29} = {AC600288-7419-4C6F-9139-CE281FA9AD38}
		{62FB66F1-A121-4C2E-BEB7-1B0891B95B14} = {6E29A9EB-8FB8-4734-BD0C-59669D54BBD3}
		{3F2A234A-92E3-40EE-A527-F8A88985A4FE} = {6E29A9EB-8FB8-4734-BD0C-59669D54BBD3}
		{3E515E09-0092-47DF-B8DF-501319C16385} = {1C41CF1A-5543-486C-B7FF-9192F3447FF8}
		{15EC2639-2776-4F07-9C4C-AC892A2955DA} = {FA299866-14A6-4061-BC5A-58D0D5461C68}
		{6E846F25-C9B9-4F93-A3A6-320842FFEE18} = {D896CCFC-B81C-44FC-BFFA-172670F80646}
		{25D20F70-9052-4E2A-AA33-CE24379F0C55} = {6E29A9EB-8FB8-4734-BD0C-59669D54BBD3}
	EndGlobalSection
	GlobalSection(ExtensibilityGlobals) = postSolution
		SolutionGuid = {09D3AE79-8C40-4F2C-9986-3144C3ED45DC}
	EndGlobalSection
EndGlobal
